
Microsoft Visual Studio Solution File, Format Version 12.00
# Visual Studio Version 17
VisualStudioVersion = 17.13.35919.96 d17.13
MinimumVisualStudioVersion = 10.0.40219.1
Project("{FAE04EC0-301F-11D3-BF4B-00C04F79EFBC}") = "IdentityChatEmailCase", "IdentityChatEmailCase\IdentityChatEmailCase.csproj", "{EC7655EA-DB25-41B1-B3EF-F77607349F3A}"
EndProject
Global
	GlobalSection(SolutionConfigurationPlatforms) = preSolution
		Debug|Any CPU = Debug|Any CPU
		Release|Any CPU = Release|Any CPU
	EndGlobalSection
	GlobalSection(ProjectConfigurationPlatforms) = postSolution
		{EC7655EA-DB25-41B1-B3EF-F77607349F3A}.Debug|Any CPU.ActiveCfg = Debug|Any CPU
		{EC7655EA-DB25-41B1-B3EF-F77607349F3A}.Debug|Any CPU.Build.0 = Debug|Any CPU
		{EC7655EA-DB25-41B1-B3EF-F77607349F3A}.Release|Any CPU.ActiveCfg = Release|Any CPU
		{EC7655EA-DB25-41B1-B3EF-F77607349F3A}.Release|Any CPU.Build.0 = Release|Any CPU
	EndGlobalSection
	GlobalSection(SolutionProperties) = preSolution
		HideSolutionNode = FALSE
	EndGlobalSection
	GlobalSection(ExtensibilityGlobals) = postSolution
		SolutionGuid = {D1F3C72A-9973-4B89-B7CD-7D36B78D8438}
	EndGlobalSection
EndGlobal
